
Microsoft Visual Studio Solution File, Format Version 12.00
# Visual Studio Version 16
VisualStudioVersion = 16.0.30523.141
MinimumVisualStudioVersion = 10.0.40219.1
Project("{FAE04EC0-301F-11D3-BF4B-00C04F79EFBC}") = "SatellitePermanente", "SatellitePermanente\SatellitePermanente.csproj", "{D3AD4FF9-B828-4E63-A605-E2044C3E3D3A}"
EndProject
Global
	GlobalSection(SolutionConfigurationPlatforms) = preSolution
		Debug|Any CPU = Debug|Any CPU
		Release|Any CPU = Release|Any CPU
	EndGlobalSection
	GlobalSection(ProjectConfigurationPlatforms) = postSolution
		{D3AD4FF9-B828-4E63-A605-E2044C3E3D3A}.Debug|Any CPU.ActiveCfg = Debug|Any CPU
		{D3AD4FF9-B828-4E63-A605-E2044C3E3D3A}.Debug|Any CPU.Build.0 = Debug|Any CPU
		{D3AD4FF9-B828-4E63-A605-E2044C3E3D3A}.Release|Any CPU.ActiveCfg = Release|Any CPU
		{D3AD4FF9-B828-4E63-A605-E2044C3E3D3A}.Release|Any CPU.Build.0 = Release|Any CPU
	EndGlobalSection
	GlobalSection(SolutionProperties) = preSolution
		HideSolutionNode = FALSE
	EndGlobalSection
	GlobalSection(ExtensibilityGlobals) = postSolution
		SolutionGuid = {B83521C8-0317-4868-9261-ECA694B895AA}
	EndGlobalSection
EndGlobal
